
Microsoft Visual Studio Solution File, Format Version 12.00
# Visual Studio Version 17
VisualStudioVersion = 17.8.34511.84
MinimumVisualStudioVersion = 10.0.40219.1
Project("{FAE04EC0-301F-11D3-BF4B-00C04F79EFBC}") = "MyFirstApp", "MyFirstApp\MyFirstApp.csproj", "{283EC1EF-5C9E-48B8-BECA-017C12A62522}"
EndProject
Global
	GlobalSection(SolutionConfigurationPlatforms) = preSolution
		Debug|Any CPU = Debug|Any CPU
		Release|Any CPU = Release|Any CPU
	EndGlobalSection
	GlobalSection(ProjectConfigurationPlatforms) = postSolution
		{283EC1EF-5C9E-48B8-BECA-017C12A62522}.Debug|Any CPU.ActiveCfg = Debug|Any CPU
		{283EC1EF-5C9E-48B8-BECA-017C12A62522}.Debug|Any CPU.Build.0 = Debug|Any CPU
		{283EC1EF-5C9E-48B8-BECA-017C12A62522}.Release|Any CPU.ActiveCfg = Release|Any CPU
		{283EC1EF-5C9E-48B8-BECA-017C12A62522}.Release|Any CPU.Build.0 = Release|Any CPU
	EndGlobalSection
	GlobalSection(SolutionProperties) = preSolution
		HideSolutionNode = FALSE
	EndGlobalSection
	GlobalSection(ExtensibilityGlobals) = postSolution
		SolutionGuid = {2930F562-C55D-41A2-8622-AC48D2E85D9B}
	EndGlobalSection
EndGlobal
